
Microsoft Visual Studio Solution File, Format Version 12.00
# Visual Studio Version 17
VisualStudioVersion = 17.1.32421.90
MinimumVisualStudioVersion = 10.0.40219.1
Project("{FAE04EC0-301F-11D3-BF4B-00C04F79EFBC}") = "DiansProject", "DiansProject\DiansProject.csproj", "{A3A60760-0E31-4404-9EA0-28CF333B692A}"
EndProject
Global
	GlobalSection(SolutionConfigurationPlatforms) = preSolution
		Debug|Any CPU = Debug|Any CPU
		Release|Any CPU = Release|Any CPU
	EndGlobalSection
	GlobalSection(ProjectConfigurationPlatforms) = postSolution
		{A3A60760-0E31-4404-9EA0-28CF333B692A}.Debug|Any CPU.ActiveCfg = Debug|Any CPU
		{A3A60760-0E31-4404-9EA0-28CF333B692A}.Debug|Any CPU.Build.0 = Debug|Any CPU
		{A3A60760-0E31-4404-9EA0-28CF333B692A}.Release|Any CPU.ActiveCfg = Release|Any CPU
		{A3A60760-0E31-4404-9EA0-28CF333B692A}.Release|Any CPU.Build.0 = Release|Any CPU
	EndGlobalSection
	GlobalSection(SolutionProperties) = preSolution
		HideSolutionNode = FALSE
	EndGlobalSection
	GlobalSection(ExtensibilityGlobals) = postSolution
		SolutionGuid = {65B7C997-B421-4229-B3CC-0AD220A66742}
	EndGlobalSection
EndGlobal
